dependencies:
  espressif/esp-dsp:
    component_hash: ed9ac175b14e0414399a2b33c525579414b5bad19a2a67b12ea212def96f9a98
    dependencies:
    - name: idf
      require: private
      version: '>=4.2'
    source:
      registry_url: https://components.espressif.com/
      type: service
    version: 1.8.2
  idf:
    source:
      type: idf
    version: 6.0.2
direct_dependencies:
- espressif/esp-dsp
- idf
manifest_hash: f943a0afa006186e6414ac1e7a76d19f016f932ca26f67a1e342722efdb5d174
target: esp32s3
version: 3.0.0
